{
    "_readme": [
        "This file locks the dependencies of your project to a known state",
        "Read more about it at https://getcomposer.org/doc/01-basic-usage.md#installing-dependencies",
        "This file is @generated automatically"
    ],
    "content-hash": "884b9559585a6b1bf41b333f11589785",
    "packages": [
        {
            "name": "evenement/evenement",
            "version": "v3.0.2",
            "source": {
                "type": "git",
                "url": "https://github.com/igorw/evenement.git",
                "reference": "0a16b0d71ab13284339abb99d9d2bd813640efbc"
            },
            "dist": {
                "type": "zip",
                "url": "https://api.github.com/repos/igorw/evenement/zipball/0a16b0d71ab13284339abb99d9d2bd813640efbc",
                "reference": "0a16b0d71ab13284339abb99d9d2bd813640efbc",
                "shasum": ""
            },
            "require": {
                "php": ">=7.0"
            },
            "require-dev": {
                "phpunit/phpunit": "^9 || ^6"
            },
            "type": "library",
            "autoload": {
                "psr-4": {
                    "Evenement\\": "src/"
                }
            },
            "notification-url": "https://packagist.org/downloads/",
            "license": [
                "MIT"
            ],
            "authors": [
                {
                    "name": "Igor Wiedler",
                    "email": "igor@wiedler.ch"
                }
            ],
            "description": "Événement is a very simple event dispatching library for PHP",
            "keywords": [
                "event-dispatcher",
                "event-emitter"
            ],
            "support": {
                "issues": "https://github.com/igorw/evenement/issues",
                "source": "https://github.com/igorw/evenement/tree/v3.0.2"
            },
            "time": "2023-08-08T05:53:35+00:00"
        },
        {
            "name": "firebase/php-jwt",
            "version": "v6.11.0",
            "source": {
                "type": "git",
                "url": "https://github.com/firebase/php-jwt.git",
                "reference": "8f718f4dfc9c5d5f0c994cdfd103921b43592712"
            },
            "dist": {
                "type": "zip",
                "url": "https://api.github.com/repos/firebase/php-jwt/zipball/8f718f4dfc9c5d5f0c994cdfd103921b43592712",
                "reference": "8f718f4dfc9c5d5f0c994cdfd103921b43592712",
                "shasum": ""
            },
            "require": {
                "php": "^8.0"
            },
            "require-dev": {
                "guzzlehttp/guzzle": "^7.4",
                "phpspec/prophecy-phpunit": "^2.0",
                "phpunit/phpunit": "^9.5",
                "psr/cache": "^2.0||^3.0",
                "psr/http-client": "^1.0",
                "psr/http-factory": "^1.0"
            },
            "suggest": {
                "ext-sodium": "Support EdDSA (Ed25519) signatures",
                "paragonie/sodium_compat": "Support EdDSA (Ed25519) signatures when libsodium is not present"
            },
            "type": "library",
            "autoload": {
                "psr-4": {
                    "Firebase\\JWT\\": "src"
                }
            },
            "notification-url": "https://packagist.org/downloads/",
            "license": [
                "BSD-3-Clause"
            ],
            "authors": [
                {
                    "name": "Neuman Vong",
                    "email": "neuman+pear@twilio.com",
                    "role": "Developer"
                },
                {
                    "name": "Anant Narayanan",
                    "email": "anant@php.net",
                    "role": "Developer"
                }
            ],
            "description": "A simple library to encode and decode JSON Web Tokens (JWT) in PHP. Should conform to the current spec.",
            "homepage": "https://github.com/firebase/php-jwt",
            "keywords": [
                "jwt",
                "php"
            ],
            "support": {
                "issues": "https://github.com/firebase/php-jwt/issues",
                "source": "https://github.com/firebase/php-jwt/tree/v6.11.0"
            },
            "time": "2025-01-23T05:11:06+00:00"
        },
        {
            "name": "php-ffmpeg/php-ffmpeg",
            "version": "v1.3.2",
            "source": {
                "type": "git",
                "url": "https://github.com/PHP-FFMpeg/PHP-FFMpeg.git",
                "reference": "8e74bdc07ad200da7a6cfb21ec2652875e4368e0"
            },
            "dist": {
                "type": "zip",
                "url": "https://api.github.com/repos/PHP-FFMpeg/PHP-FFMpeg/zipball/8e74bdc07ad200da7a6cfb21ec2652875e4368e0",
                "reference": "8e74bdc07ad200da7a6cfb21ec2652875e4368e0",
                "shasum": ""
            },
            "require": {
                "evenement/evenement": "^3.0",
                "php": "^8.0 || ^8.1 || ^8.2 || ^8.3 || ^8.4",
                "psr/log": "^1.0 || ^2.0 || ^3.0",
                "spatie/temporary-directory": "^2.0",
                "symfony/cache": "^5.4 || ^6.0 || ^7.0",
                "symfony/process": "^5.4 || ^6.0 || ^7.0"
            },
            "require-dev": {
                "mockery/mockery": "^1.5",
                "phpunit/phpunit": "^9.5.10 || ^10.0"
            },
            "suggest": {
                "php-ffmpeg/extras": "A compilation of common audio & video drivers for PHP-FFMpeg"
            },
            "type": "library",
            "autoload": {
                "psr-4": {
                    "FFMpeg\\": "src/FFMpeg",
                    "Alchemy\\BinaryDriver\\": "src/Alchemy/BinaryDriver"
                }
            },
            "notification-url": "https://packagist.org/downloads/",
            "license": [
                "MIT"
            ],
            "authors": [
                {
                    "name": "Romain Neutron",
                    "email": "imprec@gmail.com",
                    "homepage": "http://www.lickmychip.com/"
                },
                {
                    "name": "Phraseanet Team",
                    "email": "info@alchemy.fr",
                    "homepage": "http://www.phraseanet.com/"
                },
                {
                    "name": "Patrik Karisch",
                    "email": "patrik@karisch.guru",
                    "homepage": "http://www.karisch.guru"
                },
                {
                    "name": "Romain Biard",
                    "email": "romain.biard@gmail.com",
                    "homepage": "https://www.strime.io/"
                },
                {
                    "name": "Jens Hausdorf",
                    "email": "hello@jens-hausdorf.de",
                    "homepage": "https://jens-hausdorf.de"
                },
                {
                    "name": "Pascal Baljet",
                    "email": "pascal@protone.media",
                    "homepage": "https://protone.media"
                }
            ],
            "description": "FFMpeg PHP, an Object Oriented library to communicate with AVconv / ffmpeg",
            "keywords": [
                "audio",
                "audio processing",
                "avconv",
                "avprobe",
                "ffmpeg",
                "ffprobe",
                "video",
                "video processing"
            ],
            "support": {
                "issues": "https://github.com/PHP-FFMpeg/PHP-FFMpeg/issues",
                "source": "https://github.com/PHP-FFMpeg/PHP-FFMpeg/tree/v1.3.2"
            },
            "time": "2025-04-01T20:36:46+00:00"
        },
        {
            "name": "phpmailer/phpmailer",
            "version": "v6.9.3",
            "source": {
                "type": "git",
                "url": "https://github.com/PHPMailer/PHPMailer.git",
                "reference": "2f5c94fe7493efc213f643c23b1b1c249d40f47e"
            },
            "dist": {
                "type": "zip",
                "url": "https://api.github.com/repos/PHPMailer/PHPMailer/zipball/2f5c94fe7493efc213f643c23b1b1c249d40f47e",
                "reference": "2f5c94fe7493efc213f643c23b1b1c249d40f47e",
                "shasum": ""
            },
            "require": {
                "ext-ctype": "*",
                "ext-filter": "*",
                "ext-hash": "*",
                "php": ">=5.5.0"
            },
            "require-dev": {
                "dealerdirect/phpcodesniffer-composer-installer": "^1.0",
                "doctrine/annotations": "^1.2.6 || ^1.13.3",
                "php-parallel-lint/php-console-highlighter": "^1.0.0",
                "php-parallel-lint/php-parallel-lint": "^1.3.2",
                "phpcompatibility/php-compatibility": "^9.3.5",
                "roave/security-advisories": "dev-latest",
                "squizlabs/php_codesniffer": "^3.7.2",
                "yoast/phpunit-polyfills": "^1.0.4"
            },
            "suggest": {
                "decomplexity/SendOauth2": "Adapter for using XOAUTH2 authentication",
                "ext-mbstring": "Needed to send email in multibyte encoding charset or decode encoded addresses",
                "ext-openssl": "Needed for secure SMTP sending and DKIM signing",
                "greew/oauth2-azure-provider": "Needed for Microsoft Azure XOAUTH2 authentication",
                "hayageek/oauth2-yahoo": "Needed for Yahoo XOAUTH2 authentication",
                "league/oauth2-google": "Needed for Google XOAUTH2 authentication",
                "psr/log": "For optional PSR-3 debug logging",
                "symfony/polyfill-mbstring": "To support UTF-8 if the Mbstring PHP extension is not enabled (^1.2)",
                "thenetworg/oauth2-azure": "Needed for Microsoft XOAUTH2 authentication"
            },
            "type": "library",
            "autoload": {
                "psr-4": {
                    "PHPMailer\\PHPMailer\\": "src/"
                }
            },
            "notification-url": "https://packagist.org/downloads/",
            "license": [
                "LGPL-2.1-only"
            ],
            "authors": [
                {
                    "name": "Marcus Bointon",
                    "email": "phpmailer@synchromedia.co.uk"
                },
                {
                    "name": "Jim Jagielski",
                    "email": "jimjag@gmail.com"
                },
                {
                    "name": "Andy Prevost",
                    "email": "codeworxtech@users.sourceforge.net"
                },
                {
                    "name": "Brent R. Matzelle"
                }
            ],
            "description": "PHPMailer is a full-featured email creation and transfer class for PHP",
            "support": {
                "issues": "https://github.com/PHPMailer/PHPMailer/issues",
                "source": "https://github.com/PHPMailer/PHPMailer/tree/v6.9.3"
            },
            "funding": [
                {
                    "url": "https://github.com/Synchro",
                    "type": "github"
                }
            ],
            "time": "2024-11-24T18:04:13+00:00"
        },
        {
            "name": "psr/cache",
            "version": "3.0.0",
            "source": {
                "type": "git",
                "url": "https://github.com/php-fig/cache.git",
                "reference": "aa5030cfa5405eccfdcb1083ce040c2cb8d253bf"
            },
            "dist": {
                "type": "zip",
                "url": "https://api.github.com/repos/php-fig/cache/zipball/aa5030cfa5405eccfdcb1083ce040c2cb8d253bf",
                "reference": "aa5030cfa5405eccfdcb1083ce040c2cb8d253bf",
                "shasum": ""
            },
            "require": {
                "php": ">=8.0.0"
            },
            "type": "library",
            "extra": {
                "branch-alias": {
                    "dev-master": "1.0.x-dev"
                }
            },
            "autoload": {
                "psr-4": {
                    "Psr\\Cache\\": "src/"
                }
            },
            "notification-url": "https://packagist.org/downloads/",
            "license": [
                "MIT"
            ],
            "authors": [
                {
                    "name": "PHP-FIG",
                    "homepage": "https://www.php-fig.org/"
                }
            ],
            "description": "Common interface for caching libraries",
            "keywords": [
                "cache",
                "psr",
                "psr-6"
            ],
            "support": {
                "source": "https://github.com/php-fig/cache/tree/3.0.0"
            },
            "time": "2021-02-03T23:26:27+00:00"
        },
        {
            "name": "psr/container",
            "version": "2.0.2",
            "source": {
                "type": "git",
                "url": "https://github.com/php-fig/container.git",
                "reference": "c71ecc56dfe541dbd90c5360474fbc405f8d5963"
            },
            "dist": {
                "type": "zip",
                "url": "https://api.github.com/repos/php-fig/container/zipball/c71ecc56dfe541dbd90c5360474fbc405f8d5963",
                "reference": "c71ecc56dfe541dbd90c5360474fbc405f8d5963",
                "shasum": ""
            },
            "require": {
                "php": ">=7.4.0"
            },
            "type": "library",
            "extra": {
                "branch-alias": {
                    "dev-master": "2.0.x-dev"
                }
            },
            "autoload": {
                "psr-4": {
                    "Psr\\Container\\": "src/"
                }
            },
            "notification-url": "https://packagist.org/downloads/",
            "license": [
                "MIT"
            ],
            "authors": [
                {
                    "name": "PHP-FIG",
                    "homepage": "https://www.php-fig.org/"
                }
            ],
            "description": "Common Container Interface (PHP FIG PSR-11)",
            "homepage": "https://github.com/php-fig/container",
            "keywords": [
                "PSR-11",
                "container",
                "container-interface",
                "container-interop",
                "psr"
            ],
            "support": {
                "issues": "https://github.com/php-fig/container/issues",
                "source": "https://github.com/php-fig/container/tree/2.0.2"
            },
            "time": "2021-11-05T16:47:00+00:00"
        },
        {
            "name": "psr/log",
            "version": "3.0.2",
            "source": {
                "type": "git",
                "url": "https://github.com/php-fig/log.git",
                "reference": "f16e1d5863e37f8d8c2a01719f5b34baa2b714d3"
            },
            "dist": {
                "type": "zip",
                "url": "https://api.github.com/repos/php-fig/log/zipball/f16e1d5863e37f8d8c2a01719f5b34baa2b714d3",
                "reference": "f16e1d5863e37f8d8c2a01719f5b34baa2b714d3",
                "shasum": ""
            },
            "require": {
                "php": ">=8.0.0"
            },
            "type": "library",
            "extra": {
                "branch-alias": {
                    "dev-master": "3.x-dev"
                }
            },
            "autoload": {
                "psr-4": {
                    "Psr\\Log\\": "src"
                }
            },
            "notification-url": "https://packagist.org/downloads/",
            "license": [
                "MIT"
            ],
            "authors": [
                {
                    "name": "PHP-FIG",
                    "homepage": "https://www.php-fig.org/"
                }
            ],
            "description": "Common interface for logging libraries",
            "homepage": "https://github.com/php-fig/log",
            "keywords": [
                "log",
                "psr",
                "psr-3"
            ],
            "support": {
                "source": "https://github.com/php-fig/log/tree/3.0.2"
            },
            "time": "2024-09-11T13:17:53+00:00"
        },
        {
            "name": "spatie/temporary-directory",
            "version": "2.3.0",
            "source": {
                "type": "git",
                "url": "https://github.com/spatie/temporary-directory.git",
                "reference": "580eddfe9a0a41a902cac6eeb8f066b42e65a32b"
            },
            "dist": {
                "type": "zip",
                "url": "https://api.github.com/repos/spatie/temporary-directory/zipball/580eddfe9a0a41a902cac6eeb8f066b42e65a32b",
                "reference": "580eddfe9a0a41a902cac6eeb8f066b42e65a32b",
                "shasum": ""
            },
            "require": {
                "php": "^8.0"
            },
            "require-dev": {
                "phpunit/phpunit": "^9.5"
            },
            "type": "library",
            "autoload": {
                "psr-4": {
                    "Spatie\\TemporaryDirectory\\": "src"
                }
            },
            "notification-url": "https://packagist.org/downloads/",
            "license": [
                "MIT"
            ],
            "authors": [
                {
                    "name": "Alex Vanderbist",
                    "email": "alex@spatie.be",
                    "homepage": "https://spatie.be",
                    "role": "Developer"
                }
            ],
            "description": "Easily create, use and destroy temporary directories",
            "homepage": "https://github.com/spatie/temporary-directory",
            "keywords": [
                "php",
                "spatie",
                "temporary-directory"
            ],
            "support": {
                "issues": "https://github.com/spatie/temporary-directory/issues",
                "source": "https://github.com/spatie/temporary-directory/tree/2.3.0"
            },
            "funding": [
                {
                    "url": "https://spatie.be/open-source/support-us",
                    "type": "custom"
                },
                {
                    "url": "https://github.com/spatie",
                    "type": "github"
                }
            ],
            "time": "2025-01-13T13:04:43+00:00"
        },
        {
            "name": "symfony/cache",
            "version": "v6.0.19",
            "source": {
                "type": "git",
                "url": "https://github.com/symfony/cache.git",
                "reference": "81ca309f056e836480928b20280ec52ce8369bb3"
            },
            "dist": {
                "type": "zip",
                "url": "https://api.github.com/repos/symfony/cache/zipball/81ca309f056e836480928b20280ec52ce8369bb3",
                "reference": "81ca309f056e836480928b20280ec52ce8369bb3",
                "shasum": ""
            },
            "require": {
                "php": ">=8.0.2",
                "psr/cache": "^2.0|^3.0",
                "psr/log": "^1.1|^2|^3",
                "symfony/cache-contracts": "^1.1.7|^2|^3",
                "symfony/service-contracts": "^1.1|^2|^3",
                "symfony/var-exporter": "^5.4|^6.0"
            },
            "conflict": {
                "doctrine/dbal": "<2.13.1",
                "symfony/dependency-injection": "<5.4",
                "symfony/http-kernel": "<5.4",
                "symfony/var-dumper": "<5.4"
            },
            "provide": {
                "psr/cache-implementation": "2.0|3.0",
                "psr/simple-cache-implementation": "1.0|2.0|3.0",
                "symfony/cache-implementation": "1.1|2.0|3.0"
            },
            "require-dev": {
                "cache/integration-tests": "dev-master",
                "doctrine/dbal": "^2.13.1|^3.0",
                "predis/predis": "^1.1",
                "psr/simple-cache": "^1.0|^2.0|^3.0",
                "symfony/config": "^5.4|^6.0",
                "symfony/dependency-injection": "^5.4|^6.0",
                "symfony/filesystem": "^5.4|^6.0",
                "symfony/http-kernel": "^5.4|^6.0",
                "symfony/messenger": "^5.4|^6.0",
                "symfony/var-dumper": "^5.4|^6.0"
            },
            "type": "library",
            "autoload": {
                "psr-4": {
                    "Symfony\\Component\\Cache\\": ""
                },
                "exclude-from-classmap": [
                    "/Tests/"
                ]
            },
            "notification-url": "https://packagist.org/downloads/",
            "license": [
                "MIT"
            ],
            "authors": [
                {
                    "name": "Nicolas Grekas",
                    "email": "p@tchwork.com"
                },
                {
                    "name": "Symfony Community",
                    "homepage": "https://symfony.com/contributors"
                }
            ],
            "description": "Provides extended PSR-6, PSR-16 (and tags) implementations",
            "homepage": "https://symfony.com",
            "keywords": [
                "caching",
                "psr6"
            ],
            "support": {
                "source": "https://github.com/symfony/cache/tree/v6.0.19"
            },
            "funding": [
                {
                    "url": "https://symfony.com/sponsor",
                    "type": "custom"
                },
                {
                    "url": "https://github.com/fabpot",
                    "type": "github"
                },
                {
                    "url": "https://tidelift.com/funding/github/packagist/symfony/symfony",
                    "type": "tidelift"
                }
            ],
            "time": "2023-01-20T17:44:14+00:00"
        },
        {
            "name": "symfony/cache-contracts",
            "version": "v3.0.2",
            "source": {
                "type": "git",
                "url": "https://github.com/symfony/cache-contracts.git",
                "reference": "1c0a181c9ee221afe4fa55b2d13fc63c5ae14348"
            },
            "dist": {
                "type": "zip",
                "url": "https://api.github.com/repos/symfony/cache-contracts/zipball/1c0a181c9ee221afe4fa55b2d13fc63c5ae14348",
                "reference": "1c0a181c9ee221afe4fa55b2d13fc63c5ae14348",
                "shasum": ""
            },
            "require": {
                "php": ">=8.0.2",
                "psr/cache": "^3.0"
            },
            "suggest": {
                "symfony/cache-implementation": ""
            },
            "type": "library",
            "extra": {
                "thanks": {
                    "url": "https://github.com/symfony/contracts",
                    "name": "symfony/contracts"
                },
                "branch-alias": {
                    "dev-main": "3.0-dev"
                }
            },
            "autoload": {
                "psr-4": {
                    "Symfony\\Contracts\\Cache\\": ""
                }
            },
            "notification-url": "https://packagist.org/downloads/",
            "license": [
                "MIT"
            ],
            "authors": [
                {
                    "name": "Nicolas Grekas",
                    "email": "p@tchwork.com"
                },
                {
                    "name": "Symfony Community",
                    "homepage": "https://symfony.com/contributors"
                }
            ],
            "description": "Generic abstractions related to caching",
            "homepage": "https://symfony.com",
            "keywords": [
                "abstractions",
                "contracts",
                "decoupling",
                "interfaces",
                "interoperability",
                "standards"
            ],
            "support": {
                "source": "https://github.com/symfony/cache-contracts/tree/v3.0.2"
            },
            "funding": [
                {
                    "url": "https://symfony.com/sponsor",
                    "type": "custom"
                },
                {
                    "url": "https://github.com/fabpot",
                    "type": "github"
                },
                {
                    "url": "https://tidelift.com/funding/github/packagist/symfony/symfony",
                    "type": "tidelift"
                }
            ],
            "time": "2022-01-02T09:55:41+00:00"
        },
        {
            "name": "symfony/process",
            "version": "v6.0.19",
            "source": {
                "type": "git",
                "url": "https://github.com/symfony/process.git",
                "reference": "2114fd60f26a296cc403a7939ab91478475a33d4"
            },
            "dist": {
                "type": "zip",
                "url": "https://api.github.com/repos/symfony/process/zipball/2114fd60f26a296cc403a7939ab91478475a33d4",
                "reference": "2114fd60f26a296cc403a7939ab91478475a33d4",
                "shasum": ""
            },
            "require": {
                "php": ">=8.0.2"
            },
            "type": "library",
            "autoload": {
                "psr-4": {
                    "Symfony\\Component\\Process\\": ""
                },
                "exclude-from-classmap": [
                    "/Tests/"
                ]
            },
            "notification-url": "https://packagist.org/downloads/",
            "license": [
                "MIT"
            ],
            "authors": [
                {
                    "name": "Fabien Potencier",
                    "email": "fabien@symfony.com"
                },
                {
                    "name": "Symfony Community",
                    "homepage": "https://symfony.com/contributors"
                }
            ],
            "description": "Executes commands in sub-processes",
            "homepage": "https://symfony.com",
            "support": {
                "source": "https://github.com/symfony/process/tree/v6.0.19"
            },
            "funding": [
                {
                    "url": "https://symfony.com/sponsor",
                    "type": "custom"
                },
                {
                    "url": "https://github.com/fabpot",
                    "type": "github"
                },
                {
                    "url": "https://tidelift.com/funding/github/packagist/symfony/symfony",
                    "type": "tidelift"
                }
            ],
            "time": "2023-01-01T08:36:10+00:00"
        },
        {
            "name": "symfony/service-contracts",
            "version": "v3.0.2",
            "source": {
                "type": "git",
                "url": "https://github.com/symfony/service-contracts.git",
                "reference": "d78d39c1599bd1188b8e26bb341da52c3c6d8a66"
            },
            "dist": {
                "type": "zip",
                "url": "https://api.github.com/repos/symfony/service-contracts/zipball/d78d39c1599bd1188b8e26bb341da52c3c6d8a66",
                "reference": "d78d39c1599bd1188b8e26bb341da52c3c6d8a66",
                "shasum": ""
            },
            "require": {
                "php": ">=8.0.2",
                "psr/container": "^2.0"
            },
            "conflict": {
                "ext-psr": "<1.1|>=2"
            },
            "suggest": {
                "symfony/service-implementation": ""
            },
            "type": "library",
            "extra": {
                "thanks": {
                    "url": "https://github.com/symfony/contracts",
                    "name": "symfony/contracts"
                },
                "branch-alias": {
                    "dev-main": "3.0-dev"
                }
            },
            "autoload": {
                "psr-4": {
                    "Symfony\\Contracts\\Service\\": ""
                }
            },
            "notification-url": "https://packagist.org/downloads/",
            "license": [
                "MIT"
            ],
            "authors": [
                {
                    "name": "Nicolas Grekas",
                    "email": "p@tchwork.com"
                },
                {
                    "name": "Symfony Community",
                    "homepage": "https://symfony.com/contributors"
                }
            ],
            "description": "Generic abstractions related to writing services",
            "homepage": "https://symfony.com",
            "keywords": [
                "abstractions",
                "contracts",
                "decoupling",
                "interfaces",
                "interoperability",
                "standards"
            ],
            "support": {
                "source": "https://github.com/symfony/service-contracts/tree/v3.0.2"
            },
            "funding": [
                {
                    "url": "https://symfony.com/sponsor",
                    "type": "custom"
                },
                {
                    "url": "https://github.com/fabpot",
                    "type": "github"
                },
                {
                    "url": "https://tidelift.com/funding/github/packagist/symfony/symfony",
                    "type": "tidelift"
                }
            ],
            "time": "2022-05-30T19:17:58+00:00"
        },
        {
            "name": "symfony/var-exporter",
            "version": "v6.0.19",
            "source": {
                "type": "git",
                "url": "https://github.com/symfony/var-exporter.git",
                "reference": "df56f53818c2d5d9f683f4ad2e365ba73a3b69d2"
            },
            "dist": {
                "type": "zip",
                "url": "https://api.github.com/repos/symfony/var-exporter/zipball/df56f53818c2d5d9f683f4ad2e365ba73a3b69d2",
                "reference": "df56f53818c2d5d9f683f4ad2e365ba73a3b69d2",
                "shasum": ""
            },
            "require": {
                "php": ">=8.0.2"
            },
            "require-dev": {
                "symfony/var-dumper": "^5.4|^6.0"
            },
            "type": "library",
            "autoload": {
                "psr-4": {
                    "Symfony\\Component\\VarExporter\\": ""
                },
                "exclude-from-classmap": [
                    "/Tests/"
                ]
            },
            "notification-url": "https://packagist.org/downloads/",
            "license": [
                "MIT"
            ],
            "authors": [
                {
                    "name": "Nicolas Grekas",
                    "email": "p@tchwork.com"
                },
                {
                    "name": "Symfony Community",
                    "homepage": "https://symfony.com/contributors"
                }
            ],
            "description": "Allows exporting any serializable PHP data structure to plain PHP code",
            "homepage": "https://symfony.com",
            "keywords": [
                "clone",
                "construct",
                "export",
                "hydrate",
                "instantiate",
                "serialize"
            ],
            "support": {
                "source": "https://github.com/symfony/var-exporter/tree/v6.0.19"
            },
            "funding": [
                {
                    "url": "https://symfony.com/sponsor",
                    "type": "custom"
                },
                {
                    "url": "https://github.com/fabpot",
                    "type": "github"
                },
                {
                    "url": "https://tidelift.com/funding/github/packagist/symfony/symfony",
                    "type": "tidelift"
                }
            ],
            "time": "2023-01-13T08:34:10+00:00"
        }
    ],
    "packages-dev": [],
    "aliases": [],
    "minimum-stability": "stable",
    "stability-flags": {},
    "prefer-stable": false,
    "prefer-lowest": false,
    "platform": {},
    "platform-dev": {},
    "plugin-api-version": "2.6.0"
}
